{
    "_meta": {
        "hash": {
            "sha256": "5f44e16e0eec8ae9402a9b1aec1d313c0ad6d6287114c3affee9bdd88419f051"
        },
        "pipfile-spec": 6,
        "requires": {
            "python_version": "3.7"
        },
        "sources": [
            {
                "name": "pypi",
                "url": "https://pypi.org/simple",
                "verify_ssl": true
            }
        ]
    },
    "default": {
        "python-box": {
            "hashes": [
                "sha256:bcb057e8960f4d888a4caf8f668eeca3c5c61ad349d8d81c4339414984fa9454",
                "sha256:f02e059a299cac0515687aafec7543d401b12759d6578e53fae74154e0cbaa79"
            ],
            "index": "pypi",
            "version": "==5.1.0"
        },
        "setuptools": {
            "hashes": [
                "sha256:57f6f22bde4e042978bcd50176fdb381d7c21a9efa4041202288d3737a0c6a54",
                "sha256:a7620757bf984b58deaf32fc8a4577a9bbc0850cf92c20e1ce41c38c19e5fb75"
            ],
            "index": "pypi",
            "version": "==65.6.3"
        },
        "wheel": {
            "hashes": [
                "sha256:7a95f9a8dc0924ef318bd55b616112c70903192f524d120acc614f59547a9e1f",
                "sha256:ea041edf63f4ccba53ad6e035427997b3bb10ee88a4cd014ae82aeb9eea77bb9"
            ],
            "index": "pypi",
            "version": "==0.38.1"
        }
    },
    "develop": {}
}
